// !$*UTF8*$!
{
	archiveVersion = 1;
	classes = {
	};
	objectVersion = 77;
	objects = {

/* Begin PBXBuildFile section */
                7B3EFB752E40A2C900CC6EDE /* OneSignalExtension in Frameworks */ = {isa = PBXBuildFile; productRef = 7B3EFB742E40A2C900CC6EDE /* OneSignalExtension */; };
                7B3EFB772E40A2C900CC6EDE /* OneSignalFramework in Frameworks */ = {isa = PBXBuildFile; productRef = 7B3EFB762E40A2C900CC6EDE /* OneSignalFramework */; };
                7B3EFB792E40A2C900CC6EDE /* OneSignalInAppMessages in Frameworks */ = {isa = PBXBuildFile; productRef = 7B3EFB782E40A2C900CC6EDE /* OneSignalInAppMessages */; };
                7BCCE45C2E27880500B0ED0F /* FirebaseAnalytics in Frameworks */ = {isa = PBXBuildFile; productRef = 7BCCE45B2E27880500B0ED0F /* FirebaseAnalytics */; };
                7BCCE45E2E27880500B0ED0F /* FirebaseAuth in Frameworks */ = {isa = PBXBuildFile; productRef = 7BCCE45D2E27880500B0ED0F /* FirebaseAuth */; };
                7BCCE4602E27880500B0ED0F /* FirebaseFirestore in Frameworks */ = {isa = PBXBuildFile; productRef = 7BCCE45F2E27880500B0ED0F /* FirebaseFirestore */; };
                7BCCE4622E27880500B0ED0F /* FirebaseMessaging in Frameworks */ = {isa = PBXBuildFile; productRef = 7BCCE4612E27880500B0ED0F /* FirebaseMessaging */; };
                7BCCE4642E27880500B0ED0F /* FirebaseStorage in Frameworks */ = {isa = PBXBuildFile; productRef = 7BCCE4632E27880500B0ED0F /* FirebaseStorage */; };
                A7FF4F242F3A2137009D9CF0 /* ShareSheet.swift in Sources */ = {isa = PBXBuildFile; fileRef = A7FF4F232F3A2137009D9CF0 /* ShareSheet.swift */; };
                CEBF55852E40933A008B791E /* OneSignalNotificationServiceExtension.appex in Embed Foundation Extensions */ = {isa = PBXBuildFile; fileRef = CEBF557E2E40933A008B791E /* OneSignalNotificationServiceExtension.appex */; settings = {ATTRIBUTES = (RemoveHeadersOnCopy, ); }; };
/* End PBXBuildFile section */

/* Begin PBXContainerItemProxy section */
		7B3F855D2E26858B0076BB60 /* PBXContainerItemProxy */ = {
			isa = PBXContainerItemProxy;
			containerPortal = 7B3F85472E2685890076BB60 /* Project object */;
			proxyType = 1;
			remoteGlobalIDString = 7B3F854E2E2685890076BB60;
			remoteInfo = becap;
		};
		7B3F85672E26858B0076BB60 /* PBXContainerItemProxy */ = {
			isa = PBXContainerItemProxy;
			containerPortal = 7B3F85472E2685890076BB60 /* Project object */;
			proxyType = 1;
			remoteGlobalIDString = 7B3F854E2E2685890076BB60;
			remoteInfo = becap;
		};
		CEBF55832E40933A008B791E /* PBXContainerItemProxy */ = {
			isa = PBXContainerItemProxy;
			containerPortal = 7B3F85472E2685890076BB60 /* Project object */;
			proxyType = 1;
			remoteGlobalIDString = CEBF557D2E40933A008B791E;
			remoteInfo = OneSignalNotificationServiceExtension;
		};
/* End PBXContainerItemProxy section */

/* Begin PBXCopyFilesBuildPhase section */
		CEBF558A2E40933A008B791E /* Embed Foundation Extensions */ = {
			isa = PBXCopyFilesBuildPhase;
			buildActionMask = 2147483647;
			dstPath = "";
			dstSubfolderSpec = 13;
			files = (
				CEBF55852E40933A008B791E /* OneSignalNotificationServiceExtension.appex in Embed Foundation Extensions */,
			);
			name = "Embed Foundation Extensions";
			runOnlyForDeploymentPostprocessing = 0;
		};
/* End PBXCopyFilesBuildPhase section */

/* Begin PBXFileReference section */
                7B3F854F2E2685890076BB60 /* becap.app */ = {isa = PBXFileReference; explicitFileType = wrapper.application; includeInIndex = 0; path = becap.app; sourceTree = BUILT_PRODUCTS_DIR; };
                7B3F855C2E26858B0076BB60 /* becapTests.xctest */ = {isa = PBXFileReference; explicitFileType = wrapper.cfbundle; includeInIndex = 0; path = becapTests.xctest; sourceTree = BUILT_PRODUCTS_DIR; };
                7B3F85662E26858B0076BB60 /* becapUITests.xctest */ = {isa = PBXFileReference; explicitFileType = wrapper.cfbundle; includeInIndex = 0; path = becapUITests.xctest; sourceTree = BUILT_PRODUCTS_DIR; };
                CEBF557E2E40933A008B791E /* OneSignalNotificationServiceExtension.appex */ = {isa = PBXFileReference; explicitFileType = "wrapper.app-extension"; includeInIndex = 0; path = OneSignalNotificationServiceExtension.appex; sourceTree = BUILT_PRODUCTS_DIR; };
                A7FF4F232F3A2137009D9CF0 /* ShareSheet.swift */ = {isa = PBXFileReference; lastKnownFileType = sourcecode.swift; name = ShareSheet.swift; path = becap/Views/UI/ShareSheet.swift; sourceTree = SOURCE_ROOT; };
/* End PBXFileReference section */

/* Begin PBXFileSystemSynchronizedBuildFileExceptionSet section */
		CEBF55792E409084008B791E /* Exceptions for "becap" folder in "becap" target */ = {
			isa = PBXFileSystemSynchronizedBuildFileExceptionSet;
			membershipExceptions = (
				Info.plist,
			);
			target = 7B3F854E2E2685890076BB60 /* becap */;
		};
		CEBF55892E40933A008B791E /* Exceptions for "OneSignalNotificationServiceExtension" folder in "OneSignalNotificationServiceExtension" target */ = {
			isa = PBXFileSystemSynchronizedBuildFileExceptionSet;
			membershipExceptions = (
				Info.plist,
			);
			target = CEBF557D2E40933A008B791E /* OneSignalNotificationServiceExtension */;
		};
/* End PBXFileSystemSynchronizedBuildFileExceptionSet section */

/* Begin PBXFileSystemSynchronizedRootGroup section */
		7B3F85512E2685890076BB60 /* becap */ = {
			isa = PBXFileSystemSynchronizedRootGroup;
			exceptions = (
				CEBF55792E409084008B791E /* Exceptions for "becap" folder in "becap" target */,
			);
			path = becap;
			sourceTree = "<group>";
		};
		7B3F855F2E26858B0076BB60 /* becapTests */ = {
			isa = PBXFileSystemSynchronizedRootGroup;
			path = becapTests;
			sourceTree = "<group>";
		};
		7B3F85692E26858B0076BB60 /* becapUITests */ = {
			isa = PBXFileSystemSynchronizedRootGroup;
			path = becapUITests;
			sourceTree = "<group>";
		};
		CEBF557F2E40933A008B791E /* OneSignalNotificationServiceExtension */ = {
			isa = PBXFileSystemSynchronizedRootGroup;
			exceptions = (
				CEBF55892E40933A008B791E /* Exceptions for "OneSignalNotificationServiceExtension" folder in "OneSignalNotificationServiceExtension" target */,
			);
			path = OneSignalNotificationServiceExtension;
			sourceTree = "<group>";
		};
/* End PBXFileSystemSynchronizedRootGroup section */

/* Begin PBXFrameworksBuildPhase section */
		7B3F854C2E2685890076BB60 /* Frameworks */ = {
			isa = PBXFrameworksBuildPhase;
			buildActionMask = 2147483647;
			files = (
				7BCCE4622E27880500B0ED0F /* FirebaseMessaging in Frameworks */,
				7BCCE45C2E27880500B0ED0F /* FirebaseAnalytics in Frameworks */,
				7B3EFB792E40A2C900CC6EDE /* OneSignalInAppMessages in Frameworks */,
				7BCCE45E2E27880500B0ED0F /* FirebaseAuth in Frameworks */,
				7BCCE4642E27880500B0ED0F /* FirebaseStorage in Frameworks */,
				7B3EFB772E40A2C900CC6EDE /* OneSignalFramework in Frameworks */,
				7BCCE4602E27880500B0ED0F /* FirebaseFirestore in Frameworks */,
			);
			runOnlyForDeploymentPostprocessing = 0;
		};
		7B3F85592E26858B0076BB60 /* Frameworks */ = {
			isa = PBXFrameworksBuildPhase;
			buildActionMask = 2147483647;
			files = (
			);
			runOnlyForDeploymentPostprocessing = 0;
		};
		7B3F85632E26858B0076BB60 /* Frameworks */ = {
			isa = PBXFrameworksBuildPhase;
			buildActionMask = 2147483647;
			files = (
			);
			runOnlyForDeploymentPostprocessing = 0;
		};
		CEBF557B2E40933A008B791E /* Frameworks */ = {
			isa = PBXFrameworksBuildPhase;
			buildActionMask = 2147483647;
			files = (
				7B3EFB752E40A2C900CC6EDE /* OneSignalExtension in Frameworks */,
			);
			runOnlyForDeploymentPostprocessing = 0;
		};
/* End PBXFrameworksBuildPhase section */

/* Begin PBXGroup section */
                7B3F85462E2685890076BB60 = {
                        isa = PBXGroup;
                        children = (
                                7B3F85512E2685890076BB60 /* becap */,
                                7B3F855F2E26858B0076BB60 /* becapTests */,
                                7B3F85692E26858B0076BB60 /* becapUITests */,
                                CEBF557F2E40933A008B791E /* OneSignalNotificationServiceExtension */,
                                7B3F85502E2685890076BB60 /* Products */,
                                A7FF4F232F3A2137009D9CF0 /* ShareSheet.swift */,
                        );
                        sourceTree = "<group>";
                };
		7B3F85502E2685890076BB60 /* Products */ = {
			isa = PBXGroup;
			children = (
				7B3F854F2E2685890076BB60 /* becap.app */,
				7B3F855C2E26858B0076BB60 /* becapTests.xctest */,
				7B3F85662E26858B0076BB60 /* becapUITests.xctest */,
				CEBF557E2E40933A008B791E /* OneSignalNotificationServiceExtension.appex */,
			);
			name = Products;
			sourceTree = "<group>";
		};
/* End PBXGroup section */

/* Begin PBXNativeTarget section */
		7B3F854E2E2685890076BB60 /* becap */ = {
			isa = PBXNativeTarget;
			buildConfigurationList = 7B3F85702E26858B0076BB60 /* Build configuration list for PBXNativeTarget "becap" */;
			buildPhases = (
				7B3F854B2E2685890076BB60 /* Sources */,
				7B3F854C2E2685890076BB60 /* Frameworks */,
				7B3F854D2E2685890076BB60 /* Resources */,
				CEBF558A2E40933A008B791E /* Embed Foundation Extensions */,
			);
			buildRules = (
			);
			dependencies = (
				CEBF55842E40933A008B791E /* PBXTargetDependency */,
			);
			fileSystemSynchronizedGroups = (
				7B3F85512E2685890076BB60 /* becap */,
			);
			name = becap;
			packageProductDependencies = (
				7BCCE45B2E27880500B0ED0F /* FirebaseAnalytics */,
				7BCCE45D2E27880500B0ED0F /* FirebaseAuth */,
				7BCCE45F2E27880500B0ED0F /* FirebaseFirestore */,
				7BCCE4612E27880500B0ED0F /* FirebaseMessaging */,
				7BCCE4632E27880500B0ED0F /* FirebaseStorage */,
				7B3EFB762E40A2C900CC6EDE /* OneSignalFramework */,
				7B3EFB782E40A2C900CC6EDE /* OneSignalInAppMessages */,
			);
			productName = becap;
			productReference = 7B3F854F2E2685890076BB60 /* becap.app */;
			productType = "com.apple.product-type.application";
		};
		7B3F855B2E26858B0076BB60 /* becapTests */ = {
			isa = PBXNativeTarget;
			buildConfigurationList = 7B3F85732E26858B0076BB60 /* Build configuration list for PBXNativeTarget "becapTests" */;
			buildPhases = (
				7B3F85582E26858B0076BB60 /* Sources */,
				7B3F85592E26858B0076BB60 /* Frameworks */,
				7B3F855A2E26858B0076BB60 /* Resources */,
			);
			buildRules = (
			);
			dependencies = (
				7B3F855E2E26858B0076BB60 /* PBXTargetDependency */,
			);
			fileSystemSynchronizedGroups = (
				7B3F855F2E26858B0076BB60 /* becapTests */,
			);
			name = becapTests;
			packageProductDependencies = (
			);
			productName = becapTests;
			productReference = 7B3F855C2E26858B0076BB60 /* becapTests.xctest */;
			productType = "com.apple.product-type.bundle.unit-test";
		};
		7B3F85652E26858B0076BB60 /* becapUITests */ = {
			isa = PBXNativeTarget;
			buildConfigurationList = 7B3F85762E26858B0076BB60 /* Build configuration list for PBXNativeTarget "becapUITests" */;
			buildPhases = (
				7B3F85622E26858B0076BB60 /* Sources */,
				7B3F85632E26858B0076BB60 /* Frameworks */,
				7B3F85642E26858B0076BB60 /* Resources */,
			);
			buildRules = (
			);
			dependencies = (
				7B3F85682E26858B0076BB60 /* PBXTargetDependency */,
			);
			fileSystemSynchronizedGroups = (
				7B3F85692E26858B0076BB60 /* becapUITests */,
			);
			name = becapUITests;
			packageProductDependencies = (
			);
			productName = becapUITests;
			productReference = 7B3F85662E26858B0076BB60 /* becapUITests.xctest */;
			productType = "com.apple.product-type.bundle.ui-testing";
		};
		CEBF557D2E40933A008B791E /* OneSignalNotificationServiceExtension */ = {
			isa = PBXNativeTarget;
			buildConfigurationList = CEBF55862E40933A008B791E /* Build configuration list for PBXNativeTarget "OneSignalNotificationServiceExtension" */;
			buildPhases = (
				CEBF557A2E40933A008B791E /* Sources */,
				CEBF557B2E40933A008B791E /* Frameworks */,
				CEBF557C2E40933A008B791E /* Resources */,
			);
			buildRules = (
			);
			dependencies = (
			);
			fileSystemSynchronizedGroups = (
				CEBF557F2E40933A008B791E /* OneSignalNotificationServiceExtension */,
			);
			name = OneSignalNotificationServiceExtension;
			packageProductDependencies = (
				7B3EFB742E40A2C900CC6EDE /* OneSignalExtension */,
			);
			productName = OneSignalNotificationServiceExtension;
			productReference = CEBF557E2E40933A008B791E /* OneSignalNotificationServiceExtension.appex */;
			productType = "com.apple.product-type.app-extension";
		};
/* End PBXNativeTarget section */

/* Begin PBXProject section */
		7B3F85472E2685890076BB60 /* Project object */ = {
			isa = PBXProject;
			attributes = {
				BuildIndependentTargetsInParallel = 1;
				LastSwiftUpdateCheck = 1620;
				LastUpgradeCheck = 1640;
				TargetAttributes = {
					7B3F854E2E2685890076BB60 = {
						CreatedOnToolsVersion = 16.4;
					};
					7B3F855B2E26858B0076BB60 = {
						CreatedOnToolsVersion = 16.4;
						TestTargetID = 7B3F854E2E2685890076BB60;
					};
					7B3F85652E26858B0076BB60 = {
						CreatedOnToolsVersion = 16.4;
						TestTargetID = 7B3F854E2E2685890076BB60;
					};
					CEBF557D2E40933A008B791E = {
						CreatedOnToolsVersion = 16.2;
					};
				};
			};
			buildConfigurationList = 7B3F854A2E2685890076BB60 /* Build configuration list for PBXProject "becap" */;
			developmentRegion = en;
			hasScannedForEncodings = 0;
			knownRegions = (
				en,
				Base,
			);
			mainGroup = 7B3F85462E2685890076BB60;
			minimizedProjectReferenceProxies = 1;
			packageReferences = (
				7BCCE45A2E27880500B0ED0F /* XCRemoteSwiftPackageReference "firebase-ios-sdk" */,
				7B3EFB732E40A23500CC6EDE /* XCRemoteSwiftPackageReference "OneSignal-iOS-SDK" */,
			);
			preferredProjectObjectVersion = 77;
			productRefGroup = 7B3F85502E2685890076BB60 /* Products */;
			projectDirPath = "";
			projectRoot = "";
			targets = (
				7B3F854E2E2685890076BB60 /* becap */,
				7B3F855B2E26858B0076BB60 /* becapTests */,
				7B3F85652E26858B0076BB60 /* becapUITests */,
				CEBF557D2E40933A008B791E /* OneSignalNotificationServiceExtension */,
			);
		};
/* End PBXProject section */

/* Begin PBXResourcesBuildPhase section */
		7B3F854D2E2685890076BB60 /* Resources */ = {
			isa = PBXResourcesBuildPhase;
			buildActionMask = 2147483647;
			files = (
			);
			runOnlyForDeploymentPostprocessing = 0;
		};
		7B3F855A2E26858B0076BB60 /* Resources */ = {
			isa = PBXResourcesBuildPhase;
			buildActionMask = 2147483647;
			files = (
			);
			runOnlyForDeploymentPostprocessing = 0;
		};
		7B3F85642E26858B0076BB60 /* Resources */ = {
			isa = PBXResourcesBuildPhase;
			buildActionMask = 2147483647;
			files = (
			);
			runOnlyForDeploymentPostprocessing = 0;
		};
		CEBF557C2E40933A008B791E /* Resources */ = {
			isa = PBXResourcesBuildPhase;
			buildActionMask = 2147483647;
			files = (
			);
			runOnlyForDeploymentPostprocessing = 0;
		};
/* End PBXResourcesBuildPhase section */

/* Begin PBXSourcesBuildPhase section */
                7B3F854B2E2685890076BB60 /* Sources */ = {
                        isa = PBXSourcesBuildPhase;
                        buildActionMask = 2147483647;
                        files = (
                                A7FF4F242F3A2137009D9CF0 /* ShareSheet.swift in Sources */,
                        );
                        runOnlyForDeploymentPostprocessing = 0;
                };
		7B3F85582E26858B0076BB60 /* Sources */ = {
			isa = PBXSourcesBuildPhase;
			buildActionMask = 2147483647;
			files = (
			);
			runOnlyForDeploymentPostprocessing = 0;
		};
		7B3F85622E26858B0076BB60 /* Sources */ = {
			isa = PBXSourcesBuildPhase;
			buildActionMask = 2147483647;
			files = (
			);
			runOnlyForDeploymentPostprocessing = 0;
		};
		CEBF557A2E40933A008B791E /* Sources */ = {
			isa = PBXSourcesBuildPhase;
			buildActionMask = 2147483647;
			files = (
			);
			runOnlyForDeploymentPostprocessing = 0;
		};
/* End PBXSourcesBuildPhase section */

/* Begin PBXTargetDependency section */
		7B3F855E2E26858B0076BB60 /* PBXTargetDependency */ = {
			isa = PBXTargetDependency;
			target = 7B3F854E2E2685890076BB60 /* becap */;
			targetProxy = 7B3F855D2E26858B0076BB60 /* PBXContainerItemProxy */;
		};
		7B3F85682E26858B0076BB60 /* PBXTargetDependency */ = {
			isa = PBXTargetDependency;
			target = 7B3F854E2E2685890076BB60 /* becap */;
			targetProxy = 7B3F85672E26858B0076BB60 /* PBXContainerItemProxy */;
		};
		CEBF55842E40933A008B791E /* PBXTargetDependency */ = {
			isa = PBXTargetDependency;
			target = CEBF557D2E40933A008B791E /* OneSignalNotificationServiceExtension */;
			targetProxy = CEBF55832E40933A008B791E /* PBXContainerItemProxy */;
		};
/* End PBXTargetDependency section */

/* Begin XCBuildConfiguration section */
		7B3F856E2E26858B0076BB60 /* Debug */ = {
			isa = XCBuildConfiguration;
			buildSettings = {
				ALWAYS_SEARCH_USER_PATHS = NO;
				ASSETCATALOG_COMPILER_GENERATE_SWIFT_ASSET_SYMBOL_EXTENSIONS = YES;
				CLANG_ANALYZER_NONNULL = YES;
				CLANG_ANALYZER_NUMBER_OBJECT_CONVERSION = YES_AGGRESSIVE;
				CLANG_CXX_LANGUAGE_STANDARD = "gnu++20";
				CLANG_ENABLE_MODULES = YES;
				CLANG_ENABLE_OBJC_ARC = YES;
				CLANG_ENABLE_OBJC_WEAK = YES;
				CLANG_WARN_BLOCK_CAPTURE_AUTORELEASING = YES;
				CLANG_WARN_BOOL_CONVERSION = YES;
				CLANG_WARN_COMMA = YES;
				CLANG_WARN_CONSTANT_CONVERSION = YES;
				CLANG_WARN_DEPRECATED_OBJC_IMPLEMENTATIONS = YES;
				CLANG_WARN_DIRECT_OBJC_ISA_USAGE = YES_ERROR;
				CLANG_WARN_DOCUMENTATION_COMMENTS = YES;
				CLANG_WARN_EMPTY_BODY = YES;
				CLANG_WARN_ENUM_CONVERSION = YES;
				CLANG_WARN_INFINITE_RECURSION = YES;
				CLANG_WARN_INT_CONVERSION = YES;
				CLANG_WARN_NON_LITERAL_NULL_CONVERSION = YES;
				CLANG_WARN_OBJC_IMPLICIT_RETAIN_SELF = YES;
				CLANG_WARN_OBJC_LITERAL_CONVERSION = YES;
				CLANG_WARN_OBJC_ROOT_CLASS = YES_ERROR;
				CLANG_WARN_QUOTED_INCLUDE_IN_FRAMEWORK_HEADER = YES;
				CLANG_WARN_RANGE_LOOP_ANALYSIS = YES;
				CLANG_WARN_STRICT_PROTOTYPES = YES;
				CLANG_WARN_SUSPICIOUS_MOVE = YES;
				CLANG_WARN_UNGUARDED_AVAILABILITY = YES_AGGRESSIVE;
				CLANG_WARN_UNREACHABLE_CODE = YES;
				CLANG_WARN__DUPLICATE_METHOD_MATCH = YES;
				COPY_PHASE_STRIP = NO;
				DEBUG_INFORMATION_FORMAT = dwarf;
				DEVELOPMENT_TEAM = 9P67VM9236;
				ENABLE_STRICT_OBJC_MSGSEND = YES;
				ENABLE_TESTABILITY = YES;
				ENABLE_USER_SCRIPT_SANDBOXING = YES;
				GCC_C_LANGUAGE_STANDARD = gnu17;
				GCC_DYNAMIC_NO_PIC = NO;
				GCC_NO_COMMON_BLOCKS = YES;
				GCC_OPTIMIZATION_LEVEL = 0;
				GCC_PREPROCESSOR_DEFINITIONS = (
					"DEBUG=1",
					"$(inherited)",
				);
				GCC_WARN_64_TO_32_BIT_CONVERSION = YES;
				GCC_WARN_ABOUT_RETURN_TYPE = YES_ERROR;
				GCC_WARN_UNDECLARED_SELECTOR = YES;
				GCC_WARN_UNINITIALIZED_AUTOS = YES_AGGRESSIVE;
				GCC_WARN_UNUSED_FUNCTION = YES;
				GCC_WARN_UNUSED_VARIABLE = YES;
				IPHONEOS_DEPLOYMENT_TARGET = 18.5;
				LOCALIZATION_PREFERS_STRING_CATALOGS = YES;
				MTL_ENABLE_DEBUG_INFO = INCLUDE_SOURCE;
				MTL_FAST_MATH = YES;
				ONLY_ACTIVE_ARCH = YES;
				SDKROOT = iphoneos;
				SWIFT_ACTIVE_COMPILATION_CONDITIONS = "DEBUG $(inherited)";
				SWIFT_OPTIMIZATION_LEVEL = "-Onone";
			};
			name = Debug;
		};
		7B3F856F2E26858B0076BB60 /* Release */ = {
			isa = XCBuildConfiguration;
			buildSettings = {
				ALWAYS_SEARCH_USER_PATHS = NO;
				ASSETCATALOG_COMPILER_GENERATE_SWIFT_ASSET_SYMBOL_EXTENSIONS = YES;
				CLANG_ANALYZER_NONNULL = YES;
				CLANG_ANALYZER_NUMBER_OBJECT_CONVERSION = YES_AGGRESSIVE;
				CLANG_CXX_LANGUAGE_STANDARD = "gnu++20";
				CLANG_ENABLE_MODULES = YES;
				CLANG_ENABLE_OBJC_ARC = YES;
				CLANG_ENABLE_OBJC_WEAK = YES;
				CLANG_WARN_BLOCK_CAPTURE_AUTORELEASING = YES;
				CLANG_WARN_BOOL_CONVERSION = YES;
				CLANG_WARN_COMMA = YES;
				CLANG_WARN_CONSTANT_CONVERSION = YES;
				CLANG_WARN_DEPRECATED_OBJC_IMPLEMENTATIONS = YES;
				CLANG_WARN_DIRECT_OBJC_ISA_USAGE = YES_ERROR;
				CLANG_WARN_DOCUMENTATION_COMMENTS = YES;
				CLANG_WARN_EMPTY_BODY = YES;
				CLANG_WARN_ENUM_CONVERSION = YES;
				CLANG_WARN_INFINITE_RECURSION = YES;
				CLANG_WARN_INT_CONVERSION = YES;
				CLANG_WARN_NON_LITERAL_NULL_CONVERSION = YES;
				CLANG_WARN_OBJC_IMPLICIT_RETAIN_SELF = YES;
				CLANG_WARN_OBJC_LITERAL_CONVERSION = YES;
				CLANG_WARN_OBJC_ROOT_CLASS = YES_ERROR;
				CLANG_WARN_QUOTED_INCLUDE_IN_FRAMEWORK_HEADER = YES;
				CLANG_WARN_RANGE_LOOP_ANALYSIS = YES;
				CLANG_WARN_STRICT_PROTOTYPES = YES;
				CLANG_WARN_SUSPICIOUS_MOVE = YES;
				CLANG_WARN_UNGUARDED_AVAILABILITY = YES_AGGRESSIVE;
				CLANG_WARN_UNREACHABLE_CODE = YES;
				CLANG_WARN__DUPLICATE_METHOD_MATCH = YES;
				COPY_PHASE_STRIP = NO;
				DEBUG_INFORMATION_FORMAT = "dwarf-with-dsym";
				DEVELOPMENT_TEAM = 9P67VM9236;
				ENABLE_NS_ASSERTIONS = NO;
				ENABLE_STRICT_OBJC_MSGSEND = YES;
				ENABLE_USER_SCRIPT_SANDBOXING = YES;
				GCC_C_LANGUAGE_STANDARD = gnu17;
				GCC_NO_COMMON_BLOCKS = YES;
				GCC_WARN_64_TO_32_BIT_CONVERSION = YES;
				GCC_WARN_ABOUT_RETURN_TYPE = YES_ERROR;
				GCC_WARN_UNDECLARED_SELECTOR = YES;
				GCC_WARN_UNINITIALIZED_AUTOS = YES_AGGRESSIVE;
				GCC_WARN_UNUSED_FUNCTION = YES;
				GCC_WARN_UNUSED_VARIABLE = YES;
				IPHONEOS_DEPLOYMENT_TARGET = 18.5;
				LOCALIZATION_PREFERS_STRING_CATALOGS = YES;
				MTL_ENABLE_DEBUG_INFO = NO;
				MTL_FAST_MATH = YES;
				SDKROOT = iphoneos;
				SWIFT_COMPILATION_MODE = wholemodule;
				VALIDATE_PRODUCT = YES;
			};
			name = Release;
		};
		7B3F85712E26858B0076BB60 /* Debug */ = {
			isa = XCBuildConfiguration;
			buildSettings = {
				ASSETCATALOG_COMPILER_APPICON_NAME = AppIcon;
				ASSETCATALOG_COMPILER_GLOBAL_ACCENT_COLOR_NAME = AccentColor;
				CODE_SIGN_ENTITLEMENTS = becap/becap.entitlements;
				CODE_SIGN_IDENTITY = "Apple Development";
				CODE_SIGN_STYLE = Automatic;
				CURRENT_PROJECT_VERSION = 2.1;
				DEVELOPMENT_TEAM = 9P67VM9236;
				ENABLE_PREVIEWS = YES;
				GENERATE_INFOPLIST_FILE = YES;
				INFOPLIST_FILE = becap/Info.plist;
				INFOPLIST_KEY_NSCameraUsageDescription = "Access is needed to share photos.";
				INFOPLIST_KEY_UIApplicationSceneManifest_Generation = YES;
				INFOPLIST_KEY_UIApplicationSupportsIndirectInputEvents = YES;
				INFOPLIST_KEY_UILaunchScreen_Generation = YES;
				INFOPLIST_KEY_UISupportedInterfaceOrientations_iPad = "UIInterfaceOrientationPortrait UIInterfaceOrientationPortraitUpsideDown UIInterfaceOrientationLandscapeLeft UIInterfaceOrientationLandscapeRight";
				INFOPLIST_KEY_UISupportedInterfaceOrientations_iPhone = "UIInterfaceOrientationPortrait UIInterfaceOrientationLandscapeLeft UIInterfaceOrientationLandscapeRight";
				IPHONEOS_DEPLOYMENT_TARGET = 16.4;
				LD_RUNPATH_SEARCH_PATHS = (
					"$(inherited)",
					"@executable_path/Frameworks",
				);
				MARKETING_VERSION = 1.3;
				PRODUCT_BUNDLE_IDENTIFIER = honeypote.becap;
				PRODUCT_NAME = "$(TARGET_NAME)";
				PROVISIONING_PROFILE_SPECIFIER = "";
				SWIFT_EMIT_LOC_STRINGS = YES;
				SWIFT_VERSION = 5.0;
				TARGETED_DEVICE_FAMILY = "1,2";
			};
			name = Debug;
		};
		7B3F85722E26858B0076BB60 /* Release */ = {
			isa = XCBuildConfiguration;
			buildSettings = {
				ASSETCATALOG_COMPILER_APPICON_NAME = AppIcon;
				ASSETCATALOG_COMPILER_GLOBAL_ACCENT_COLOR_NAME = AccentColor;
				CODE_SIGN_ENTITLEMENTS = becap/becap.entitlements;
				CODE_SIGN_IDENTITY = "Apple Development";
				CODE_SIGN_STYLE = Automatic;
				CURRENT_PROJECT_VERSION = 2.1;
				DEVELOPMENT_TEAM = 9P67VM9236;
				ENABLE_PREVIEWS = YES;
				GENERATE_INFOPLIST_FILE = YES;
				INFOPLIST_FILE = becap/Info.plist;
				INFOPLIST_KEY_NSCameraUsageDescription = "Access is needed to share photos.";
				INFOPLIST_KEY_UIApplicationSceneManifest_Generation = YES;
				INFOPLIST_KEY_UIApplicationSupportsIndirectInputEvents = YES;
				INFOPLIST_KEY_UILaunchScreen_Generation = YES;
				INFOPLIST_KEY_UISupportedInterfaceOrientations_iPad = "UIInterfaceOrientationPortrait UIInterfaceOrientationPortraitUpsideDown UIInterfaceOrientationLandscapeLeft UIInterfaceOrientationLandscapeRight";
				INFOPLIST_KEY_UISupportedInterfaceOrientations_iPhone = "UIInterfaceOrientationPortrait UIInterfaceOrientationLandscapeLeft UIInterfaceOrientationLandscapeRight";
				IPHONEOS_DEPLOYMENT_TARGET = 16.4;
				LD_RUNPATH_SEARCH_PATHS = (
					"$(inherited)",
					"@executable_path/Frameworks",
				);
				MARKETING_VERSION = 1.3;
				PRODUCT_BUNDLE_IDENTIFIER = honeypote.becap;
				PRODUCT_NAME = "$(TARGET_NAME)";
				PROVISIONING_PROFILE_SPECIFIER = "";
				SWIFT_EMIT_LOC_STRINGS = YES;
				SWIFT_VERSION = 5.0;
				TARGETED_DEVICE_FAMILY = "1,2";
			};
			name = Release;
		};
		7B3F85742E26858B0076BB60 /* Debug */ = {
			isa = XCBuildConfiguration;
			buildSettings = {
				BUNDLE_LOADER = "$(TEST_HOST)";
				CODE_SIGN_STYLE = Automatic;
				CURRENT_PROJECT_VERSION = 1;
				DEVELOPMENT_TEAM = 9P67VM9236;
				GENERATE_INFOPLIST_FILE = YES;
				IPHONEOS_DEPLOYMENT_TARGET = 18.5;
				MARKETING_VERSION = 1.0;
				PRODUCT_BUNDLE_IDENTIFIER = honeypote.becapTests;
				PRODUCT_NAME = "$(TARGET_NAME)";
				SWIFT_EMIT_LOC_STRINGS = NO;
				SWIFT_VERSION = 5.0;
				TARGETED_DEVICE_FAMILY = "1,2";
				TEST_HOST = "$(BUILT_PRODUCTS_DIR)/becap.app/$(BUNDLE_EXECUTABLE_FOLDER_PATH)/becap";
			};
			name = Debug;
		};
		7B3F85752E26858B0076BB60 /* Release */ = {
			isa = XCBuildConfiguration;
			buildSettings = {
				BUNDLE_LOADER = "$(TEST_HOST)";
				CODE_SIGN_STYLE = Automatic;
				CURRENT_PROJECT_VERSION = 1;
				DEVELOPMENT_TEAM = 9P67VM9236;
				GENERATE_INFOPLIST_FILE = YES;
				IPHONEOS_DEPLOYMENT_TARGET = 18.5;
				MARKETING_VERSION = 1.0;
				PRODUCT_BUNDLE_IDENTIFIER = honeypote.becapTests;
				PRODUCT_NAME = "$(TARGET_NAME)";
				SWIFT_EMIT_LOC_STRINGS = NO;
				SWIFT_VERSION = 5.0;
				TARGETED_DEVICE_FAMILY = "1,2";
				TEST_HOST = "$(BUILT_PRODUCTS_DIR)/becap.app/$(BUNDLE_EXECUTABLE_FOLDER_PATH)/becap";
			};
			name = Release;
		};
		7B3F85772E26858B0076BB60 /* Debug */ = {
			isa = XCBuildConfiguration;
			buildSettings = {
				CODE_SIGN_STYLE = Automatic;
				CURRENT_PROJECT_VERSION = 1;
				DEVELOPMENT_TEAM = 9P67VM9236;
				GENERATE_INFOPLIST_FILE = YES;
				MARKETING_VERSION = 1.0;
				PRODUCT_BUNDLE_IDENTIFIER = honeypote.becapUITests;
				PRODUCT_NAME = "$(TARGET_NAME)";
				SWIFT_EMIT_LOC_STRINGS = NO;
				SWIFT_VERSION = 5.0;
				TARGETED_DEVICE_FAMILY = "1,2";
				TEST_TARGET_NAME = becap;
			};
			name = Debug;
		};
		7B3F85782E26858B0076BB60 /* Release */ = {
			isa = XCBuildConfiguration;
			buildSettings = {
				CODE_SIGN_STYLE = Automatic;
				CURRENT_PROJECT_VERSION = 1;
				DEVELOPMENT_TEAM = 9P67VM9236;
				GENERATE_INFOPLIST_FILE = YES;
				MARKETING_VERSION = 1.0;
				PRODUCT_BUNDLE_IDENTIFIER = honeypote.becapUITests;
				PRODUCT_NAME = "$(TARGET_NAME)";
				SWIFT_EMIT_LOC_STRINGS = NO;
				SWIFT_VERSION = 5.0;
				TARGETED_DEVICE_FAMILY = "1,2";
				TEST_TARGET_NAME = becap;
			};
			name = Release;
		};
		CEBF55872E40933A008B791E /* Debug */ = {
			isa = XCBuildConfiguration;
			buildSettings = {
				CODE_SIGN_ENTITLEMENTS = OneSignalNotificationServiceExtension/OneSignalNotificationServiceExtension.entitlements;
				CODE_SIGN_IDENTITY = "Apple Development";
				CODE_SIGN_STYLE = Automatic;
				CURRENT_PROJECT_VERSION = 1;
				DEVELOPMENT_TEAM = 9P67VM9236;
				GENERATE_INFOPLIST_FILE = YES;
				INFOPLIST_FILE = OneSignalNotificationServiceExtension/Info.plist;
				INFOPLIST_KEY_CFBundleDisplayName = OneSignalNotificationServiceExtension;
				INFOPLIST_KEY_NSHumanReadableCopyright = "";
				IPHONEOS_DEPLOYMENT_TARGET = 18.2;
				LD_RUNPATH_SEARCH_PATHS = (
					"$(inherited)",
					"@executable_path/Frameworks",
					"@executable_path/../../Frameworks",
				);
				MARKETING_VERSION = 1.0;
				PRODUCT_BUNDLE_IDENTIFIER = honeypote.becap.OneSignalNotificationServiceExtension;
				PRODUCT_NAME = "$(TARGET_NAME)";
				SKIP_INSTALL = YES;
				SWIFT_EMIT_LOC_STRINGS = YES;
				SWIFT_VERSION = 5.0;
				TARGETED_DEVICE_FAMILY = "1,2";
			};
			name = Debug;
		};
		CEBF55882E40933A008B791E /* Release */ = {
			isa = XCBuildConfiguration;
			buildSettings = {
				CODE_SIGN_ENTITLEMENTS = OneSignalNotificationServiceExtension/OneSignalNotificationServiceExtension.entitlements;
				CODE_SIGN_IDENTITY = "Apple Development";
				CODE_SIGN_STYLE = Automatic;
				CURRENT_PROJECT_VERSION = 1;
				DEVELOPMENT_TEAM = 9P67VM9236;
				GENERATE_INFOPLIST_FILE = YES;
				INFOPLIST_FILE = OneSignalNotificationServiceExtension/Info.plist;
				INFOPLIST_KEY_CFBundleDisplayName = OneSignalNotificationServiceExtension;
				INFOPLIST_KEY_NSHumanReadableCopyright = "";
				IPHONEOS_DEPLOYMENT_TARGET = 18.2;
				LD_RUNPATH_SEARCH_PATHS = (
					"$(inherited)",
					"@executable_path/Frameworks",
					"@executable_path/../../Frameworks",
				);
				MARKETING_VERSION = 1.0;
				PRODUCT_BUNDLE_IDENTIFIER = honeypote.becap.OneSignalNotificationServiceExtension;
				PRODUCT_NAME = "$(TARGET_NAME)";
				SKIP_INSTALL = YES;
				SWIFT_EMIT_LOC_STRINGS = YES;
				SWIFT_VERSION = 5.0;
				TARGETED_DEVICE_FAMILY = "1,2";
			};
			name = Release;
		};
/* End XCBuildConfiguration section */

/* Begin XCConfigurationList section */
		7B3F854A2E2685890076BB60 /* Build configuration list for PBXProject "becap" */ = {
			isa = XCConfigurationList;
			buildConfigurations = (
				7B3F856E2E26858B0076BB60 /* Debug */,
				7B3F856F2E26858B0076BB60 /* Release */,
			);
			defaultConfigurationIsVisible = 0;
			defaultConfigurationName = Release;
		};
		7B3F85702E26858B0076BB60 /* Build configuration list for PBXNativeTarget "becap" */ = {
			isa = XCConfigurationList;
			buildConfigurations = (
				7B3F85712E26858B0076BB60 /* Debug */,
				7B3F85722E26858B0076BB60 /* Release */,
			);
			defaultConfigurationIsVisible = 0;
			defaultConfigurationName = Release;
		};
		7B3F85732E26858B0076BB60 /* Build configuration list for PBXNativeTarget "becapTests" */ = {
			isa = XCConfigurationList;
			buildConfigurations = (
				7B3F85742E26858B0076BB60 /* Debug */,
				7B3F85752E26858B0076BB60 /* Release */,
			);
			defaultConfigurationIsVisible = 0;
			defaultConfigurationName = Release;
		};
		7B3F85762E26858B0076BB60 /* Build configuration list for PBXNativeTarget "becapUITests" */ = {
			isa = XCConfigurationList;
			buildConfigurations = (
				7B3F85772E26858B0076BB60 /* Debug */,
				7B3F85782E26858B0076BB60 /* Release */,
			);
			defaultConfigurationIsVisible = 0;
			defaultConfigurationName = Release;
		};
		CEBF55862E40933A008B791E /* Build configuration list for PBXNativeTarget "OneSignalNotificationServiceExtension" */ = {
			isa = XCConfigurationList;
			buildConfigurations = (
				CEBF55872E40933A008B791E /* Debug */,
				CEBF55882E40933A008B791E /* Release */,
			);
			defaultConfigurationIsVisible = 0;
			defaultConfigurationName = Release;
		};
/* End XCConfigurationList section */

/* Begin XCRemoteSwiftPackageReference section */
		7B3EFB732E40A23500CC6EDE /* XCRemoteSwiftPackageReference "OneSignal-iOS-SDK" */ = {
			isa = XCRemoteSwiftPackageReference;
			repositoryURL = "https://github.com/OneSignal/OneSignal-iOS-SDK";
			requirement = {
				kind = upToNextMajorVersion;
				minimumVersion = 5.2.14;
			};
		};
		7BCCE45A2E27880500B0ED0F /* XCRemoteSwiftPackageReference "firebase-ios-sdk" */ = {
			isa = XCRemoteSwiftPackageReference;
			repositoryURL = "https://github.com/firebase/firebase-ios-sdk";
			requirement = {
				kind = upToNextMajorVersion;
				minimumVersion = 12.0.0;
			};
		};
/* End XCRemoteSwiftPackageReference section */

/* Begin XCSwiftPackageProductDependency section */
		7B3EFB742E40A2C900CC6EDE /* OneSignalExtension */ = {
			isa = XCSwiftPackageProductDependency;
			package = 7B3EFB732E40A23500CC6EDE /* XCRemoteSwiftPackageReference "OneSignal-iOS-SDK" */;
			productName = OneSignalExtension;
		};
		7B3EFB762E40A2C900CC6EDE /* OneSignalFramework */ = {
			isa = XCSwiftPackageProductDependency;
			package = 7B3EFB732E40A23500CC6EDE /* XCRemoteSwiftPackageReference "OneSignal-iOS-SDK" */;
			productName = OneSignalFramework;
		};
		7B3EFB782E40A2C900CC6EDE /* OneSignalInAppMessages */ = {
			isa = XCSwiftPackageProductDependency;
			package = 7B3EFB732E40A23500CC6EDE /* XCRemoteSwiftPackageReference "OneSignal-iOS-SDK" */;
			productName = OneSignalInAppMessages;
		};
		7BCCE45B2E27880500B0ED0F /* FirebaseAnalytics */ = {
			isa = XCSwiftPackageProductDependency;
			package = 7BCCE45A2E27880500B0ED0F /* XCRemoteSwiftPackageReference "firebase-ios-sdk" */;
			productName = FirebaseAnalytics;
		};
		7BCCE45D2E27880500B0ED0F /* FirebaseAuth */ = {
			isa = XCSwiftPackageProductDependency;
			package = 7BCCE45A2E27880500B0ED0F /* XCRemoteSwiftPackageReference "firebase-ios-sdk" */;
			productName = FirebaseAuth;
		};
		7BCCE45F2E27880500B0ED0F /* FirebaseFirestore */ = {
			isa = XCSwiftPackageProductDependency;
			package = 7BCCE45A2E27880500B0ED0F /* XCRemoteSwiftPackageReference "firebase-ios-sdk" */;
			productName = FirebaseFirestore;
		};
		7BCCE4612E27880500B0ED0F /* FirebaseMessaging */ = {
			isa = XCSwiftPackageProductDependency;
			package = 7BCCE45A2E27880500B0ED0F /* XCRemoteSwiftPackageReference "firebase-ios-sdk" */;
			productName = FirebaseMessaging;
		};
		7BCCE4632E27880500B0ED0F /* FirebaseStorage */ = {
			isa = XCSwiftPackageProductDependency;
			package = 7BCCE45A2E27880500B0ED0F /* XCRemoteSwiftPackageReference "firebase-ios-sdk" */;
			productName = FirebaseStorage;
		};
/* End XCSwiftPackageProductDependency section */
	};
	rootObject = 7B3F85472E2685890076BB60 /* Project object */;
}
